
Microsoft Visual Studio Solution File, Format Version 12.00
# Visual Studio Version 17
VisualStudioVersion = 17.5.33424.131
MinimumVisualStudioVersion = 10.0.40219.1
Project("{FAE04EC0-301F-11D3-BF4B-00C04F79EFBC}") = "2. Grades", "2. Grades\2. Grades.csproj", "{C30BD4FC-365F-47B5-B2DB-677B7EF55048}"
EndProject
Global
	GlobalSection(SolutionConfigurationPlatforms) = preSolution
		Debug|Any CPU = Debug|Any CPU
		Release|Any CPU = Release|Any CPU
	EndGlobalSection
	GlobalSection(ProjectConfigurationPlatforms) = postSolution
		{C30BD4FC-365F-47B5-B2DB-677B7EF55048}.Debug|Any CPU.ActiveCfg = Debug|Any CPU
		{C30BD4FC-365F-47B5-B2DB-677B7EF55048}.Debug|Any CPU.Build.0 = Debug|Any CPU
		{C30BD4FC-365F-47B5-B2DB-677B7EF55048}.Release|Any CPU.ActiveCfg = Release|Any CPU
		{C30BD4FC-365F-47B5-B2DB-677B7EF55048}.Release|Any CPU.Build.0 = Release|Any CPU
	EndGlobalSection
	GlobalSection(SolutionProperties) = preSolution
		HideSolutionNode = FALSE
	EndGlobalSection
	GlobalSection(ExtensibilityGlobals) = postSolution
		SolutionGuid = {2BFB45D0-B2BB-462C-8199-B9D343946789}
	EndGlobalSection
EndGlobal
